
Microsoft Visual Studio Solution File, Format Version 12.00
# Visual Studio Version 17
VisualStudioVersion = 17.10.35027.167
MinimumVisualStudioVersion = 10.0.40219.1
Project("{9A19103F-16F7-4668-BE54-9A1E7A4F7556}") = "BugerApis", "BugerApis.csproj", "{584E1098-F96C-4F6D-AB63-D607AF75D0B6}"
EndProject
Project("{FAE04EC0-301F-11D3-BF4B-00C04F79EFBC}") = "BurgerApis.Tests", "..\BurgerApis.Tests\BurgerApis.Tests.csproj", "{FB8EC61C-5B39-4E44-ADAB-3ABA7DB6C9FD}"
EndProject
Global
	GlobalSection(SolutionConfigurationPlatforms) = preSolution
		Debug|Any CPU = Debug|Any CPU
		Release|Any CPU = Release|Any CPU
	EndGlobalSection
	GlobalSection(ProjectConfigurationPlatforms) = postSolution
		{584E1098-F96C-4F6D-AB63-D607AF75D0B6}.Debug|Any CPU.ActiveCfg = Debug|Any CPU
		{584E1098-F96C-4F6D-AB63-D607AF75D0B6}.Debug|Any CPU.Build.0 = Debug|Any CPU
		{584E1098-F96C-4F6D-AB63-D607AF75D0B6}.Release|Any CPU.ActiveCfg = Release|Any CPU
		{584E1098-F96C-4F6D-AB63-D607AF75D0B6}.Release|Any CPU.Build.0 = Release|Any CPU
		{FB8EC61C-5B39-4E44-ADAB-3ABA7DB6C9FD}.Debug|Any CPU.ActiveCfg = Debug|Any CPU
		{FB8EC61C-5B39-4E44-ADAB-3ABA7DB6C9FD}.Debug|Any CPU.Build.0 = Debug|Any CPU
		{FB8EC61C-5B39-4E44-ADAB-3ABA7DB6C9FD}.Release|Any CPU.ActiveCfg = Release|Any CPU
		{FB8EC61C-5B39-4E44-ADAB-3ABA7DB6C9FD}.Release|Any CPU.Build.0 = Release|Any CPU
	EndGlobalSection
	GlobalSection(SolutionProperties) = preSolution
		HideSolutionNode = FALSE
	EndGlobalSection
	GlobalSection(ExtensibilityGlobals) = postSolution
		SolutionGuid = {86719DCD-899F-4B31-A254-CBD3C7DE86A0}
	EndGlobalSection
EndGlobal
