
Microsoft Visual Studio Solution File, Format Version 12.00
# Visual Studio Version 17
VisualStudioVersion = 17.5.002.0
MinimumVisualStudioVersion = 10.0.40219.1
Project("{9A19103F-16F7-4668-BE54-9A1E7A4F7556}") = "BurgerApis.Tests", "BurgerApis.Tests.csproj", "{BF9CA875-3282-4FB7-BFB5-421BE338C3C8}"
EndProject
Global
	GlobalSection(SolutionConfigurationPlatforms) = preSolution
		Debug|Any CPU = Debug|Any CPU
		Release|Any CPU = Release|Any CPU
	EndGlobalSection
	GlobalSection(ProjectConfigurationPlatforms) = postSolution
		{BF9CA875-3282-4FB7-BFB5-421BE338C3C8}.Debug|Any CPU.ActiveCfg = Debug|Any CPU
		{BF9CA875-3282-4FB7-BFB5-421BE338C3C8}.Debug|Any CPU.Build.0 = Debug|Any CPU
		{BF9CA875-3282-4FB7-BFB5-421BE338C3C8}.Release|Any CPU.ActiveCfg = Release|Any CPU
		{BF9CA875-3282-4FB7-BFB5-421BE338C3C8}.Release|Any CPU.Build.0 = Release|Any CPU
	EndGlobalSection
	GlobalSection(SolutionProperties) = preSolution
		HideSolutionNode = FALSE
	EndGlobalSection
	GlobalSection(ExtensibilityGlobals) = postSolution
		SolutionGuid = {181B7A11-32BB-4608-9595-6DE97A1E8822}
	EndGlobalSection
EndGlobal
